
Microsoft Visual Studio Solution File, Format Version 12.00
# Visual Studio 15
VisualStudioVersion = 15.0.28010.2041
MinimumVisualStudioVersion = 10.0.40219.1
Project("{F14B399A-7131-4C87-9E4B-1186C45EF12D}") = "Report Project1", "Report Project1\Report Project1.rptproj", "{D8DD6AAB-B503-4792-9BF0-FA49624329C4}"
EndProject
Global
	GlobalSection(SolutionConfigurationPlatforms) = preSolution
		Debug|Default = Debug|Default
		DebugLocal|Default = DebugLocal|Default
		Release|Default = Release|Default
	EndGlobalSection
	GlobalSection(ProjectConfigurationPlatforms) = postSolution
		{D8DD6AAB-B503-4792-9BF0-FA49624329C4}.Debug|Default.ActiveCfg = Debug
		{D8DD6AAB-B503-4792-9BF0-FA49624329C4}.Debug|Default.Build.0 = Debug
		{D8DD6AAB-B503-4792-9BF0-FA49624329C4}.Debug|Default.Deploy.0 = Debug
		{D8DD6AAB-B503-4792-9BF0-FA49624329C4}.DebugLocal|Default.ActiveCfg = DebugLocal
		{D8DD6AAB-B503-4792-9BF0-FA49624329C4}.DebugLocal|Default.Build.0 = DebugLocal
		{D8DD6AAB-B503-4792-9BF0-FA49624329C4}.Release|Default.ActiveCfg = Release
		{D8DD6AAB-B503-4792-9BF0-FA49624329C4}.Release|Default.Build.0 = Release
		{D8DD6AAB-B503-4792-9BF0-FA49624329C4}.Release|Default.Deploy.0 = Release
	EndGlobalSection
	GlobalSection(SolutionProperties) = preSolution
		HideSolutionNode = FALSE
	EndGlobalSection
	GlobalSection(ExtensibilityGlobals) = postSolution
		SolutionGuid = {C50F887C-F835-4789-B137-873CAC5BFF8D}
	EndGlobalSection
EndGlobal
